
Microsoft Visual Studio Solution File, Format Version 12.00
# Visual Studio Version 16
VisualStudioVersion = 16.0.32901.82
MinimumVisualStudioVersion = 10.0.40219.1
Project("{FAE04EC0-301F-11D3-BF4B-00C04F79EFBC}") = "BackEndWebAPI", "BackEndWebAPI\BackEndWebAPI.csproj", "{34EC8B8C-94BB-4CEF-B4A6-CBEADA912048}"
EndProject
Project("{FAE04EC0-301F-11D3-BF4B-00C04F79EFBC}") = "DataAccessLayer", "DataAccessLayer\DataAccessLayer.csproj", "{9F784F20-B219-42EA-96BC-500EE49AE89D}"
EndProject
Project("{FAE04EC0-301F-11D3-BF4B-00C04F79EFBC}") = "FrontEndMVC", "FrontEndMVC\FrontEndMVC.csproj", "{4A216184-E2B1-42F7-8351-FAEBFCB74E0D}"
EndProject
Global
	GlobalSection(SolutionConfigurationPlatforms) = preSolution
		Debug|Any CPU = Debug|Any CPU
		Release|Any CPU = Release|Any CPU
	EndGlobalSection
	GlobalSection(ProjectConfigurationPlatforms) = postSolution
		{34EC8B8C-94BB-4CEF-B4A6-CBEADA912048}.Debug|Any CPU.ActiveCfg = Debug|Any CPU
		{34EC8B8C-94BB-4CEF-B4A6-CBEADA912048}.Debug|Any CPU.Build.0 = Debug|Any CPU
		{34EC8B8C-94BB-4CEF-B4A6-CBEADA912048}.Release|Any CPU.ActiveCfg = Release|Any CPU
		{34EC8B8C-94BB-4CEF-B4A6-CBEADA912048}.Release|Any CPU.Build.0 = Release|Any CPU
		{9F784F20-B219-42EA-96BC-500EE49AE89D}.Debug|Any CPU.ActiveCfg = Debug|Any CPU
		{9F784F20-B219-42EA-96BC-500EE49AE89D}.Debug|Any CPU.Build.0 = Debug|Any CPU
		{9F784F20-B219-42EA-96BC-500EE49AE89D}.Release|Any CPU.ActiveCfg = Release|Any CPU
		{9F784F20-B219-42EA-96BC-500EE49AE89D}.Release|Any CPU.Build.0 = Release|Any CPU
		{4A216184-E2B1-42F7-8351-FAEBFCB74E0D}.Debug|Any CPU.ActiveCfg = Debug|Any CPU
		{4A216184-E2B1-42F7-8351-FAEBFCB74E0D}.Debug|Any CPU.Build.0 = Debug|Any CPU
		{4A216184-E2B1-42F7-8351-FAEBFCB74E0D}.Release|Any CPU.ActiveCfg = Release|Any CPU
		{4A216184-E2B1-42F7-8351-FAEBFCB74E0D}.Release|Any CPU.Build.0 = Release|Any CPU
	EndGlobalSection
	GlobalSection(SolutionProperties) = preSolution
		HideSolutionNode = FALSE
	EndGlobalSection
	GlobalSection(ExtensibilityGlobals) = postSolution
		SolutionGuid = {113EA3BA-447A-42C8-9CA7-FF85310A7EAF}
	EndGlobalSection
EndGlobal
